schema: '2.0'
stages:
  data_ingestion:
    cmd: python src/cnnClassifier/pipeline/stage_01_data_ingestion.py
    deps:
    - path: config/config.yaml
      md5: 0fe9e52e19168f276d42225868399315
      size: 806
    - path: src/cnnClassifier/pipeline/stage_01_data_ingestion.py
      md5: 186ce3e343ca573c8f34f74d4e839559
      size: 908
    outs:
    - path: artifacts/data_ingestion/Chicken-fecal-images
      md5: 9e1f8dd2eae3c29e9d635df89d438ae4.dir
      size: 12207807
      nfiles: 390
  prepare_base_model:
    cmd: python src/cnnClassifier/pipeline/stage_02_prepare_base_model.py
    deps:
    - path: config/config.yaml
      md5: 0fe9e52e19168f276d42225868399315
      size: 806
    - path: src/cnnClassifier/pipeline/stage_02_prepare_base_model.py
      md5: e8ca3e1c17949bb8d7f826696a761582
      size: 999
    params:
      params.yaml:
        CLASSES: 2
        IMAGE_SIZE:
        - 224
        - 224
        - 3
        INCLUDE_TOP: false
        LEARNING_RATE: 0.01
        WEIGHTS: imagenet
    outs:
    - path: artifacts/prepare_base_model
      md5: 6ba9019487d6e948456f6ec371cf0535.dir
      size: 118054560
      nfiles: 2
  training:
    cmd: python src/cnnClassifier/pipeline/stage_03_training.py
    deps:
    - path: artifacts/data_ingestion/Chicken-fecal-images
      md5: 9e1f8dd2eae3c29e9d635df89d438ae4.dir
      size: 12207807
      nfiles: 390
    - path: artifacts/prepare_base_model
      md5: 6ba9019487d6e948456f6ec371cf0535.dir
      size: 118054560
      nfiles: 2
    - path: config/config.yaml
      md5: 0fe9e52e19168f276d42225868399315
      size: 806
    - path: src/cnnClassifier/components/prepare_callbacks.py
      md5: 0d292ca52178b4d6c2a7301a166abdd9
      size: 1004
    - path: src/cnnClassifier/pipeline/stage_03_training.py
      md5: 8466414a326a682dfe0ffbd19a1a5fc6
      size: 1250
    params:
      params.yaml:
        AUGMENTATION: true
        BATCH_SIZE: 16
        EPOCHS: 1
        IMAGE_SIZE:
        - 224
        - 224
        - 3
    outs:
    - path: artifacts/training/model.h5
      md5: f3b02300579c9c8b4a9b6c0c57119cef
      size: 59337520
  evaluation:
    cmd: python src/cnnClassifier/pipeline/stage_04_evaluation.py
    deps:
    - path: artifacts/data_ingestion/Chicken-fecal-images
      md5: 9e1f8dd2eae3c29e9d635df89d438ae4.dir
      size: 12207807
      nfiles: 390
    - path: artifacts/training/model.h5
      md5: f3b02300579c9c8b4a9b6c0c57119cef
      size: 59337520
    - path: config/config.yaml
      md5: 0fe9e52e19168f276d42225868399315
      size: 806
    - path: src/cnnClassifier/pipeline/stage_04_evaluation.py
      md5: 5dceb3a9e39ef70cc7430fe3bc41219c
      size: 869
    params:
      params.yaml:
        BATCH_SIZE: 16
        IMAGE_SIZE:
        - 224
        - 224
        - 3
    outs:
    - path: scores.json
      md5: 5446b4950fd89b654c28786bd0ae4964
      size: 58
